// !$*UTF8*$!
{
	archiveVersion = 1;
	classes = {
	};
	objectVersion = 50;
	objects = {

/* Begin PBXBuildFile section */
		AD3F511A24F74E4900924C1C /* GrowingCoreKit.framework in Frameworks */ = {isa = PBXBuildFile; fileRef = AD3F511924F74E4900924C1C /* GrowingCoreKit.framework */; };
		AD96CB3F24F65F2600AAA7C4 /* GrowingIOWeexPlugin.h in Headers */ = {isa = PBXBuildFile; fileRef = AD96CB3D24F65F2600AAA7C4 /* GrowingIOWeexPlugin.h */; };
		AD96CB4024F65F2600AAA7C4 /* GrowingIOWeexPlugin.m in Sources */ = {isa = PBXBuildFile; fileRef = AD96CB3E24F65F2600AAA7C4 /* GrowingIOWeexPlugin.m */; };
		AD96CB4324F65F3C00AAA7C4 /* GrowingIOTrackerProxy.h in Headers */ = {isa = PBXBuildFile; fileRef = AD96CB4124F65F3C00AAA7C4 /* GrowingIOTrackerProxy.h */; };
		AD96CB4424F65F3C00AAA7C4 /* GrowingIOTrackerProxy.m in Sources */ = {isa = PBXBuildFile; fileRef = AD96CB4224F65F3C00AAA7C4 /* GrowingIOTrackerProxy.m */; };
/* End PBXBuildFile section */

/* Begin PBXFileReference section */
		AD3F511924F74E4900924C1C /* GrowingCoreKit.framework */ = {isa = PBXFileReference; lastKnownFileType = wrapper.framework; name = GrowingCoreKit.framework; path = ../../SDK/Libs/GrowingCoreKit.framework; sourceTree = "<group>"; };
		AD96CB3D24F65F2600AAA7C4 /* GrowingIOWeexPlugin.h */ = {isa = PBXFileReference; lastKnownFileType = sourcecode.c.h; path = GrowingIOWeexPlugin.h; sourceTree = "<group>"; };
		AD96CB3E24F65F2600AAA7C4 /* GrowingIOWeexPlugin.m */ = {isa = PBXFileReference; lastKnownFileType = sourcecode.c.objc; path = GrowingIOWeexPlugin.m; sourceTree = "<group>"; };
		AD96CB4124F65F3C00AAA7C4 /* GrowingIOTrackerProxy.h */ = {isa = PBXFileReference; lastKnownFileType = sourcecode.c.h; path = GrowingIOTrackerProxy.h; sourceTree = "<group>"; };
		AD96CB4224F65F3C00AAA7C4 /* GrowingIOTrackerProxy.m */ = {isa = PBXFileReference; lastKnownFileType = sourcecode.c.objc; path = GrowingIOTrackerProxy.m; sourceTree = "<group>"; };
		AD96CB4624F663A500AAA7C4 /* GrowingCoreKit */ = {isa = PBXFileReference; lastKnownFileType = archive.ar; name = GrowingCoreKit; path = "../../../../GrowingIO-iOS-CoreKit/GrowingCoreKit.framework/GrowingCoreKit"; sourceTree = "<group>"; };
		ADD4F5FC24F6578A00F60995 /* GrowingIOTracker.framework */ = {isa = PBXFileReference; explicitFileType = wrapper.framework; includeInIndex = 0; path = GrowingIOTracker.framework; sourceTree = BUILT_PRODUCTS_DIR; };
		ADD4F60024F6578A00F60995 /* Info.plist */ = {isa = PBXFileReference; lastKnownFileType = text.plist.xml; path = Info.plist; sourceTree = "<group>"; };
/* End PBXFileReference section */

/* Begin PBXFrameworksBuildPhase section */
		ADD4F5F924F6578A00F60995 /* Frameworks */ = {
			isa = PBXFrameworksBuildPhase;
			buildActionMask = 2147483647;
			files = (
				AD3F511A24F74E4900924C1C /* GrowingCoreKit.framework in Frameworks */,
			);
			runOnlyForDeploymentPostprocessing = 0;
		};
/* End PBXFrameworksBuildPhase section */

/* Begin PBXGroup section */
		AD96CB4524F663A500AAA7C4 /* Frameworks */ = {
			isa = PBXGroup;
			children = (
				AD3F511924F74E4900924C1C /* GrowingCoreKit.framework */,
				AD96CB4624F663A500AAA7C4 /* GrowingCoreKit */,
			);
			name = Frameworks;
			sourceTree = "<group>";
		};
		ADD4F5F224F6578A00F60995 = {
			isa = PBXGroup;
			children = (
				ADD4F5FE24F6578A00F60995 /* GrowingIOTracker */,
				ADD4F5FD24F6578A00F60995 /* Products */,
				AD96CB4524F663A500AAA7C4 /* Frameworks */,
			);
			sourceTree = "<group>";
		};
		ADD4F5FD24F6578A00F60995 /* Products */ = {
			isa = PBXGroup;
			children = (
				ADD4F5FC24F6578A00F60995 /* GrowingIOTracker.framework */,
			);
			name = Products;
			sourceTree = "<group>";
		};
		ADD4F5FE24F6578A00F60995 /* GrowingIOTracker */ = {
			isa = PBXGroup;
			children = (
				ADD4F60024F6578A00F60995 /* Info.plist */,
				AD96CB3D24F65F2600AAA7C4 /* GrowingIOWeexPlugin.h */,
				AD96CB3E24F65F2600AAA7C4 /* GrowingIOWeexPlugin.m */,
				AD96CB4124F65F3C00AAA7C4 /* GrowingIOTrackerProxy.h */,
				AD96CB4224F65F3C00AAA7C4 /* GrowingIOTrackerProxy.m */,
			);
			path = GrowingIOTracker;
			sourceTree = "<group>";
		};
/* End PBXGroup section */

/* Begin PBXHeadersBuildPhase section */
		ADD4F5F724F6578A00F60995 /* Headers */ = {
			isa = PBXHeadersBuildPhase;
			buildActionMask = 2147483647;
			files = (
				AD96CB4324F65F3C00AAA7C4 /* GrowingIOTrackerProxy.h in Headers */,
				AD96CB3F24F65F2600AAA7C4 /* GrowingIOWeexPlugin.h in Headers */,
			);
			runOnlyForDeploymentPostprocessing = 0;
		};
/* End PBXHeadersBuildPhase section */

/* Begin PBXNativeTarget section */
		ADD4F5FB24F6578A00F60995 /* GrowingIOTracker */ = {
			isa = PBXNativeTarget;
			buildConfigurationList = ADD4F60424F6578A00F60995 /* Build configuration list for PBXNativeTarget "GrowingIOTracker" */;
			buildPhases = (
				ADD4F5F724F6578A00F60995 /* Headers */,
				ADD4F5F824F6578A00F60995 /* Sources */,
				ADD4F5F924F6578A00F60995 /* Frameworks */,
				ADD4F5FA24F6578A00F60995 /* Resources */,
			);
			buildRules = (
			);
			dependencies = (
			);
			name = GrowingIOTracker;
			productName = GrowingIOTracker;
			productReference = ADD4F5FC24F6578A00F60995 /* GrowingIOTracker.framework */;
			productType = "com.apple.product-type.framework";
		};
/* End PBXNativeTarget section */

/* Begin PBXProject section */
		ADD4F5F324F6578A00F60995 /* Project object */ = {
			isa = PBXProject;
			attributes = {
				LastUpgradeCheck = 1100;
				ORGANIZATIONNAME = growingio;
				TargetAttributes = {
					ADD4F5FB24F6578A00F60995 = {
						CreatedOnToolsVersion = 11.0;
					};
				};
			};
			buildConfigurationList = ADD4F5F624F6578A00F60995 /* Build configuration list for PBXProject "GrowingIOTracker" */;
			compatibilityVersion = "Xcode 9.3";
			developmentRegion = en;
			hasScannedForEncodings = 0;
			knownRegions = (
				en,
				Base,
			);
			mainGroup = ADD4F5F224F6578A00F60995;
			productRefGroup = ADD4F5FD24F6578A00F60995 /* Products */;
			projectDirPath = "";
			projectRoot = "";
			targets = (
				ADD4F5FB24F6578A00F60995 /* GrowingIOTracker */,
			);
		};
/* End PBXProject section */

/* Begin PBXResourcesBuildPhase section */
		ADD4F5FA24F6578A00F60995 /* Resources */ = {
			isa = PBXResourcesBuildPhase;
			buildActionMask = 2147483647;
			files = (
			);
			runOnlyForDeploymentPostprocessing = 0;
		};
/* End PBXResourcesBuildPhase section */

/* Begin PBXSourcesBuildPhase section */
		ADD4F5F824F6578A00F60995 /* Sources */ = {
			isa = PBXSourcesBuildPhase;
			buildActionMask = 2147483647;
			files = (
				AD96CB4024F65F2600AAA7C4 /* GrowingIOWeexPlugin.m in Sources */,
				AD96CB4424F65F3C00AAA7C4 /* GrowingIOTrackerProxy.m in Sources */,
			);
			runOnlyForDeploymentPostprocessing = 0;
		};
/* End PBXSourcesBuildPhase section */

/* Begin XCBuildConfiguration section */
		ADD4F60224F6578A00F60995 /* Debug */ = {
			isa = XCBuildConfiguration;
			buildSettings = {
				ALWAYS_SEARCH_USER_PATHS = NO;
				CLANG_ANALYZER_NONNULL = YES;
				CLANG_ANALYZER_NUMBER_OBJECT_CONVERSION = YES_AGGRESSIVE;
				CLANG_CXX_LANGUAGE_STANDARD = "gnu++14";
				CLANG_CXX_LIBRARY = "libc++";
				CLANG_ENABLE_MODULES = YES;
				CLANG_ENABLE_OBJC_ARC = YES;
				CLANG_ENABLE_OBJC_WEAK = YES;
				CLANG_WARN_BLOCK_CAPTURE_AUTORELEASING = YES;
				CLANG_WARN_BOOL_CONVERSION = YES;
				CLANG_WARN_COMMA = YES;
				CLANG_WARN_CONSTANT_CONVERSION = YES;
				CLANG_WARN_DEPRECATED_OBJC_IMPLEMENTATIONS = YES;
				CLANG_WARN_DIRECT_OBJC_ISA_USAGE = YES_ERROR;
				CLANG_WARN_DOCUMENTATION_COMMENTS = YES;
				CLANG_WARN_EMPTY_BODY = YES;
				CLANG_WARN_ENUM_CONVERSION = YES;
				CLANG_WARN_INFINITE_RECURSION = YES;
				CLANG_WARN_INT_CONVERSION = YES;
				CLANG_WARN_NON_LITERAL_NULL_CONVERSION = YES;
				CLANG_WARN_OBJC_IMPLICIT_RETAIN_SELF = YES;
				CLANG_WARN_OBJC_LITERAL_CONVERSION = YES;
				CLANG_WARN_OBJC_ROOT_CLASS = YES_ERROR;
				CLANG_WARN_RANGE_LOOP_ANALYSIS = YES;
				CLANG_WARN_STRICT_PROTOTYPES = YES;
				CLANG_WARN_SUSPICIOUS_MOVE = YES;
				CLANG_WARN_UNGUARDED_AVAILABILITY = YES_AGGRESSIVE;
				CLANG_WARN_UNREACHABLE_CODE = YES;
				CLANG_WARN__DUPLICATE_METHOD_MATCH = YES;
				COPY_PHASE_STRIP = NO;
				CURRENT_PROJECT_VERSION = 1;
				DEBUG_INFORMATION_FORMAT = dwarf;
				ENABLE_STRICT_OBJC_MSGSEND = YES;
				ENABLE_TESTABILITY = YES;
				GCC_C_LANGUAGE_STANDARD = gnu11;
				GCC_DYNAMIC_NO_PIC = NO;
				GCC_NO_COMMON_BLOCKS = YES;
				GCC_OPTIMIZATION_LEVEL = 0;
				GCC_PREPROCESSOR_DEFINITIONS = (
					"DEBUG=1",
					"$(inherited)",
				);
				GCC_WARN_64_TO_32_BIT_CONVERSION = YES;
				GCC_WARN_ABOUT_RETURN_TYPE = YES_ERROR;
				GCC_WARN_UNDECLARED_SELECTOR = YES;
				GCC_WARN_UNINITIALIZED_AUTOS = YES_AGGRESSIVE;
				GCC_WARN_UNUSED_FUNCTION = YES;
				GCC_WARN_UNUSED_VARIABLE = YES;
				IPHONEOS_DEPLOYMENT_TARGET = 13.0;
				MTL_ENABLE_DEBUG_INFO = INCLUDE_SOURCE;
				MTL_FAST_MATH = YES;
				ONLY_ACTIVE_ARCH = YES;
				SDKROOT = iphoneos;
				VERSIONING_SYSTEM = "apple-generic";
				VERSION_INFO_PREFIX = "";
			};
			name = Debug;
		};
		ADD4F60324F6578A00F60995 /* Release */ = {
			isa = XCBuildConfiguration;
			buildSettings = {
				ALWAYS_SEARCH_USER_PATHS = NO;
				CLANG_ANALYZER_NONNULL = YES;
				CLANG_ANALYZER_NUMBER_OBJECT_CONVERSION = YES_AGGRESSIVE;
				CLANG_CXX_LANGUAGE_STANDARD = "gnu++14";
				CLANG_CXX_LIBRARY = "libc++";
				CLANG_ENABLE_MODULES = YES;
				CLANG_ENABLE_OBJC_ARC = YES;
				CLANG_ENABLE_OBJC_WEAK = YES;
				CLANG_WARN_BLOCK_CAPTURE_AUTORELEASING = YES;
				CLANG_WARN_BOOL_CONVERSION = YES;
				CLANG_WARN_COMMA = YES;
				CLANG_WARN_CONSTANT_CONVERSION = YES;
				CLANG_WARN_DEPRECATED_OBJC_IMPLEMENTATIONS = YES;
				CLANG_WARN_DIRECT_OBJC_ISA_USAGE = YES_ERROR;
				CLANG_WARN_DOCUMENTATION_COMMENTS = YES;
				CLANG_WARN_EMPTY_BODY = YES;
				CLANG_WARN_ENUM_CONVERSION = YES;
				CLANG_WARN_INFINITE_RECURSION = YES;
				CLANG_WARN_INT_CONVERSION = YES;
				CLANG_WARN_NON_LITERAL_NULL_CONVERSION = YES;
				CLANG_WARN_OBJC_IMPLICIT_RETAIN_SELF = YES;
				CLANG_WARN_OBJC_LITERAL_CONVERSION = YES;
				CLANG_WARN_OBJC_ROOT_CLASS = YES_ERROR;
				CLANG_WARN_RANGE_LOOP_ANALYSIS = YES;
				CLANG_WARN_STRICT_PROTOTYPES = YES;
				CLANG_WARN_SUSPICIOUS_MOVE = YES;
				CLANG_WARN_UNGUARDED_AVAILABILITY = YES_AGGRESSIVE;
				CLANG_WARN_UNREACHABLE_CODE = YES;
				CLANG_WARN__DUPLICATE_METHOD_MATCH = YES;
				COPY_PHASE_STRIP = NO;
				CURRENT_PROJECT_VERSION = 1;
				DEBUG_INFORMATION_FORMAT = "dwarf-with-dsym";
				ENABLE_NS_ASSERTIONS = NO;
				ENABLE_STRICT_OBJC_MSGSEND = YES;
				GCC_C_LANGUAGE_STANDARD = gnu11;
				GCC_NO_COMMON_BLOCKS = YES;
				GCC_WARN_64_TO_32_BIT_CONVERSION = YES;
				GCC_WARN_ABOUT_RETURN_TYPE = YES_ERROR;
				GCC_WARN_UNDECLARED_SELECTOR = YES;
				GCC_WARN_UNINITIALIZED_AUTOS = YES_AGGRESSIVE;
				GCC_WARN_UNUSED_FUNCTION = YES;
				GCC_WARN_UNUSED_VARIABLE = YES;
				IPHONEOS_DEPLOYMENT_TARGET = 13.0;
				MTL_ENABLE_DEBUG_INFO = NO;
				MTL_FAST_MATH = YES;
				SDKROOT = iphoneos;
				VALIDATE_PRODUCT = YES;
				VERSIONING_SYSTEM = "apple-generic";
				VERSION_INFO_PREFIX = "";
			};
			name = Release;
		};
		ADD4F60524F6578A00F60995 /* Debug */ = {
			isa = XCBuildConfiguration;
			buildSettings = {
				CODE_SIGN_STYLE = Automatic;
				DEFINES_MODULE = YES;
				DEVELOPMENT_TEAM = 4Q67638UBB;
				DYLIB_COMPATIBILITY_VERSION = 1;
				DYLIB_CURRENT_VERSION = 1;
				DYLIB_INSTALL_NAME_BASE = "@rpath";
				HEADER_SEARCH_PATHS = (
					"\"$(SRCROOT)/../../SDK/inc\"/**",
					"\"$(SRCROOT)/../../SDK/Libs/GrowingCoreKit.framework\"/**",
				);
				INFOPLIST_FILE = GrowingIOTracker/Info.plist;
				INSTALL_PATH = "$(LOCAL_LIBRARY_DIR)/Frameworks";
				IPHONEOS_DEPLOYMENT_TARGET = 8.0;
				LD_RUNPATH_SEARCH_PATHS = (
					"$(inherited)",
					"@executable_path/Frameworks",
					"@loader_path/Frameworks",
				);
				MACH_O_TYPE = staticlib;
				PRODUCT_BUNDLE_IDENTIFIER = com.growingio.GrowingIOTracker;
				PRODUCT_NAME = "$(TARGET_NAME:c99extidentifier)";
				SKIP_INSTALL = YES;
				TARGETED_DEVICE_FAMILY = "1,2";
			};
			name = Debug;
		};
		ADD4F60624F6578A00F60995 /* Release */ = {
			isa = XCBuildConfiguration;
			buildSettings = {
				CODE_SIGN_STYLE = Automatic;
				DEFINES_MODULE = YES;
				DEVELOPMENT_TEAM = 4Q67638UBB;
				DYLIB_COMPATIBILITY_VERSION = 1;
				DYLIB_CURRENT_VERSION = 1;
				DYLIB_INSTALL_NAME_BASE = "@rpath";
				HEADER_SEARCH_PATHS = (
					"\"$(SRCROOT)/../../SDK/inc\"/**",
					"\"$(SRCROOT)/../../SDK/Libs/GrowingCoreKit.framework\"/**",
				);
				INFOPLIST_FILE = GrowingIOTracker/Info.plist;
				INSTALL_PATH = "$(LOCAL_LIBRARY_DIR)/Frameworks";
				IPHONEOS_DEPLOYMENT_TARGET = 8.0;
				LD_RUNPATH_SEARCH_PATHS = (
					"$(inherited)",
					"@executable_path/Frameworks",
					"@loader_path/Frameworks",
				);
				MACH_O_TYPE = staticlib;
				PRODUCT_BUNDLE_IDENTIFIER = com.growingio.GrowingIOTracker;
				PRODUCT_NAME = "$(TARGET_NAME:c99extidentifier)";
				SKIP_INSTALL = YES;
				TARGETED_DEVICE_FAMILY = "1,2";
			};
			name = Release;
		};
/* End XCBuildConfiguration section */

/* Begin XCConfigurationList section */
		ADD4F5F624F6578A00F60995 /* Build configuration list for PBXProject "GrowingIOTracker" */ = {
			isa = XCConfigurationList;
			buildConfigurations = (
				ADD4F60224F6578A00F60995 /* Debug */,
				ADD4F60324F6578A00F60995 /* Release */,
			);
			defaultConfigurationIsVisible = 0;
			defaultConfigurationName = Release;
		};
		ADD4F60424F6578A00F60995 /* Build configuration list for PBXNativeTarget "GrowingIOTracker" */ = {
			isa = XCConfigurationList;
			buildConfigurations = (
				ADD4F60524F6578A00F60995 /* Debug */,
				ADD4F60624F6578A00F60995 /* Release */,
			);
			defaultConfigurationIsVisible = 0;
			defaultConfigurationName = Release;
		};
/* End XCConfigurationList section */
	};
	rootObject = ADD4F5F324F6578A00F60995 /* Project object */;
}
